
Microsoft Visual Studio Solution File, Format Version 12.00
# Visual Studio Version 17
VisualStudioVersion = 17.4.33213.308
MinimumVisualStudioVersion = 10.0.40219.1
Project("{FAE04EC0-301F-11D3-BF4B-00C04F79EFBC}") = "HotelListing.API", "HotelListing.API\HotelListing.API.csproj", "{8F012485-6CE0-4F01-8F68-3B3A0CA63794}"
EndProject
Global
	GlobalSection(SolutionConfigurationPlatforms) = preSolution
		Debug|Any CPU = Debug|Any CPU
		Release|Any CPU = Release|Any CPU
	EndGlobalSection
	GlobalSection(ProjectConfigurationPlatforms) = postSolution
		{8F012485-6CE0-4F01-8F68-3B3A0CA63794}.Debug|Any CPU.ActiveCfg = Debug|Any CPU
		{8F012485-6CE0-4F01-8F68-3B3A0CA63794}.Debug|Any CPU.Build.0 = Debug|Any CPU
		{8F012485-6CE0-4F01-8F68-3B3A0CA63794}.Release|Any CPU.ActiveCfg = Release|Any CPU
		{8F012485-6CE0-4F01-8F68-3B3A0CA63794}.Release|Any CPU.Build.0 = Release|Any CPU
	EndGlobalSection
	GlobalSection(SolutionProperties) = preSolution
		HideSolutionNode = FALSE
	EndGlobalSection
	GlobalSection(ExtensibilityGlobals) = postSolution
		SolutionGuid = {F743C419-CFCD-42FB-998A-93B0E77E6150}
	EndGlobalSection
EndGlobal
